{
  "name": "wazimap-ng",
  "version": "1.0.0",
  "lockfileVersion": 1,
  "requires": true,
  "dependencies": {
    "ansi-font": {
      "version": "0.0.2",
      "resolved": "https://registry.npmjs.org/ansi-font/-/ansi-font-0.0.2.tgz",
      "integrity": "sha1-iQMBvVhBRi/TnAt3Ca/R9SUUMzE="
    },
    "commander": {
      "version": "1.1.1",
      "resolved": "https://registry.npmjs.org/commander/-/commander-1.1.1.tgz",
      "integrity": "sha1-UNFlGGiuYOzP8KLZ80WVN2vGsEE=",
      "requires": {
        "keypress": "0.1.x"
      }
    },
    "js": {
      "version": "0.1.0",
      "resolved": "https://registry.npmjs.org/js/-/js-0.1.0.tgz",
      "integrity": "sha1-4dCv1V6jnCso2jBOgUPq8sEz82Y=",
      "requires": {
        "commander": "~1.1.1"
      }
    },
    "keypress": {
      "version": "0.1.0",
      "resolved": "https://registry.npmjs.org/keypress/-/keypress-0.1.0.tgz",
      "integrity": "sha1-SjGI1CkbZrT2XtuZ+AaqmuKTWSo="
    },
    "main": {
      "version": "1000.0.1",
      "resolved": "https://registry.npmjs.org/main/-/main-1000.0.1.tgz",
      "integrity": "sha512-zhB0yIsogMo0xGJEusCzS4I13ejvhEJ1MOWi1OR4n77HyhlqgvNNwhOOt5moSdTYd+Vi8B4wPE/MDmhquNHxrA=="
    },
    "main.js": {
      "version": "0.0.1",
      "resolved": "https://registry.npmjs.org/main.js/-/main.js-0.0.1.tgz",
      "integrity": "sha1-BytHAWozbULiLS+49sTV3HfwuQQ="
    },
    "test": {
      "version": "0.6.0",
      "resolved": "https://registry.npmjs.org/test/-/test-0.6.0.tgz",
      "integrity": "sha1-WYasRF7Bd1QyJRLRBLoyyKY+k44=",
      "requires": {
        "ansi-font": "0.0.2"
      }
    },
    "test.js": {
      "version": "1.0.0",
      "resolved": "https://registry.npmjs.org/test.js/-/test.js-1.0.0.tgz",
      "integrity": "sha1-r5UXoxS+RB7KKcgP2XkkvRDRU28="
    }
  }
}
