# THIS IS AN AUTOGENERATED FILE. DO NOT EDIT THIS FILE DIRECTLY.
# yarn lockfile v1


"@babel/polyfill@^7.7.0":
  version "7.7.0"
  resolved "https://registry.yarnpkg.com/@babel/polyfill/-/polyfill-7.7.0.tgz#e1066e251e17606ec7908b05617f9b7f8180d8f3"
  integrity sha512-/TS23MVvo34dFmf8mwCisCbWGrfhbiWZSwBo6HkADTBhUa2Q/jWltyY/tpofz/b6/RIhqaqQcquptCirqIhOaQ==
  dependencies:
    core-js "^2.6.5"
    regenerator-runtime "^0.13.2"

atob@^2.1.1:
  version "2.1.2"
  resolved "https://registry.yarnpkg.com/atob/-/atob-2.1.2.tgz#6d9517eb9e030d2436666651e86bd9f6f13533c9"
  integrity sha512-Wm6ukoaOGJi/73p/cl2GvLjTI5JM1k/O14isD73YML8StrH/7/lRFgmg8nICZgD3bZZvjwCGxtMOD3wWNAu8cg==

commander@~1.1.1:
  version "1.1.1"
  resolved "https://registry.yarnpkg.com/commander/-/commander-1.1.1.tgz#50d1651868ae60eccff0a2d9f34595376bc6b041"
  integrity sha1-UNFlGGiuYOzP8KLZ80WVN2vGsEE=
  dependencies:
    keypress "0.1.x"

core-js@^2.6.5:
  version "2.6.11"
  resolved "https://registry.yarnpkg.com/core-js/-/core-js-2.6.11.tgz#38831469f9922bded8ee21c9dc46985e0399308c"
  integrity sha512-5wjnpaT/3dV+XB4borEsnAYQchn00XSgTAWKDkEqv+K8KevjbzmofK6hfJ9TZIlpj2N0xQpazy7PiRQiWHqzWg==

core-js@^3.4.1:
  version "3.5.0"
  resolved "https://registry.yarnpkg.com/core-js/-/core-js-3.5.0.tgz#66df8e49be4bd775e6f952a9d083b756ad41c1ed"
  integrity sha512-Ifh3kj78gzQ7NAoJXeTu+XwzDld0QRIwjBLRqAMhuLhP3d2Av5wmgE9ycfnvK6NAEjTkQ1sDPeoEZAWO3Hx1Uw==

css@^2.2.4:
  version "2.2.4"
  resolved "https://registry.yarnpkg.com/css/-/css-2.2.4.tgz#c646755c73971f2bba6a601e2cf2fd71b1298929"
  integrity sha512-oUnjmWpy0niI3x/mPL8dVEI1l7MnG3+HHyRPHf+YFSbK+svOhXpmSOcDURUh2aOCgl2grzrOPt1nHLuCVFULLw==
  dependencies:
    inherits "^2.0.3"
    source-map "^0.6.1"
    source-map-resolve "^0.5.2"
    urix "^0.1.0"

d3-array@^1.2.0, d3-array@^1.2.4:
  version "1.2.4"
  resolved "https://registry.yarnpkg.com/d3-array/-/d3-array-1.2.4.tgz#635ce4d5eea759f6f605863dbcfc30edc737f71f"
  integrity sha512-KHW6M86R+FUPYGb3R5XiYjXPq7VzwxZ22buHhAEVG5ztoEcZZMLov530mmccaqA1GghZArjQV46fuc8kUqhhHw==

d3-axis@^1.0.12:
  version "1.0.12"
  resolved "https://registry.yarnpkg.com/d3-axis/-/d3-axis-1.0.12.tgz#cdf20ba210cfbb43795af33756886fb3638daac9"
  integrity sha512-ejINPfPSNdGFKEOAtnBtdkpr24c4d4jsei6Lg98mxf424ivoDP2956/5HDpIAtmHo85lqT4pruy+zEgvRUBqaQ==

d3-collection@1, d3-collection@^1.0.4:
  version "1.0.7"
  resolved "https://registry.yarnpkg.com/d3-collection/-/d3-collection-1.0.7.tgz#349bd2aa9977db071091c13144d5e4f16b5b310e"
  integrity sha512-ii0/r5f4sjKNTfh84Di+DpztYwqKhEyUlKoPrzUFfeSkWxjW49xU2QzO9qrPrNkpdI0XJkfzvmTu8V2Zylln6A==

d3-color@1:
  version "1.4.0"
  resolved "https://registry.yarnpkg.com/d3-color/-/d3-color-1.4.0.tgz#89c45a995ed773b13314f06460df26d60ba0ecaf"
  integrity sha512-TzNPeJy2+iEepfiL92LAAB7fvnp/dV2YwANPVHdDWmYMm23qIJBYww3qT8I8C1wXrmrg4UWs7BKc2tKIgyjzHg==

d3-dispatch@1:
  version "1.0.6"
  resolved "https://registry.yarnpkg.com/d3-dispatch/-/d3-dispatch-1.0.6.tgz#00d37bcee4dd8cd97729dd893a0ac29caaba5d58"
  integrity sha512-fVjoElzjhCEy+Hbn8KygnmMS7Or0a9sI2UzGwoB7cCtvI1XpVN9GpoYlnb3xt2YV66oXYb1fLJ8GMvP4hdU1RA==

d3-ease@1, d3-ease@^1.0.6:
  version "1.0.6"
  resolved "https://registry.yarnpkg.com/d3-ease/-/d3-ease-1.0.6.tgz#ebdb6da22dfac0a22222f2d4da06f66c416a0ec0"
  integrity sha512-SZ/lVU7LRXafqp7XtIcBdxnWl8yyLpgOmzAk0mWBI9gXNzLDx5ybZgnRbH9dN/yY5tzVBqCQ9avltSnqVwessQ==

d3-format@1, d3-format@^1.4.2:
  version "1.4.2"
  resolved "https://registry.yarnpkg.com/d3-format/-/d3-format-1.4.2.tgz#2a8c0ebf500f315981c2110eaaf70b82f472cb2b"
  integrity sha512-gco1Ih54PgMsyIXgttLxEhNy/mXxq8+rLnCb5shQk+P5TsiySrwWU5gpB4zen626J4LIwBxHvDChyA8qDm57ww==

d3-interpolate@1, d3-interpolate@^1.3.3:
  version "1.4.0"
  resolved "https://registry.yarnpkg.com/d3-interpolate/-/d3-interpolate-1.4.0.tgz#526e79e2d80daa383f9e0c1c1c7dcc0f0583e987"
  integrity sha512-V9znK0zc3jOPV4VD2zZn0sDhZU3WAE2bmlxdIwwQPPzPjvyLkd8B3JUVdS1IDUFDkWZ72c9qnv1GK2ZagTZ8EA==
  dependencies:
    d3-color "1"

d3-path@1:
  version "1.0.9"
  resolved "https://registry.yarnpkg.com/d3-path/-/d3-path-1.0.9.tgz#48c050bb1fe8c262493a8caf5524e3e9591701cf"
  integrity sha512-VLaYcn81dtHVTjEHd8B+pbe9yHWpXKZUC87PzoFmsFrJqgFwDe/qxfp5MlfsfM1V5E/iVt0MmEbWQ7FVIXh/bg==

d3-scale@^2.2.2:
  version "2.2.2"
  resolved "https://registry.yarnpkg.com/d3-scale/-/d3-scale-2.2.2.tgz#4e880e0b2745acaaddd3ede26a9e908a9e17b81f"
  integrity sha512-LbeEvGgIb8UMcAa0EATLNX0lelKWGYDQiPdHj+gLblGVhGLyNbaCn3EvrJf0A3Y/uOOU5aD6MTh5ZFCdEwGiCw==
  dependencies:
    d3-array "^1.2.0"
    d3-collection "1"
    d3-format "1"
    d3-interpolate "1"
    d3-time "1"
    d3-time-format "2"

d3-selection@^1.1.0, d3-selection@^1.3.0, d3-selection@^1.4.1:
  version "1.4.1"
  resolved "https://registry.yarnpkg.com/d3-selection/-/d3-selection-1.4.1.tgz#98eedbbe085fbda5bafa2f9e3f3a2f4d7d622a98"
  integrity sha512-BTIbRjv/m5rcVTfBs4AMBLKs4x8XaaLkwm28KWu9S2vKNqXkXt2AH2Qf0sdPZHjFxcWg/YL53zcqAz+3g4/7PA==

d3-shape@^1.3.7:
  version "1.3.7"
  resolved "https://registry.yarnpkg.com/d3-shape/-/d3-shape-1.3.7.tgz#df63801be07bc986bc54f63789b4fe502992b5d7"
  integrity sha512-EUkvKjqPFUAZyOlhY5gzCxCeI0Aep04LwIRpsZ/mLFelJiUfnK56jo5JMDSE7yyP2kLSb6LtF+S5chMk7uqPqw==
  dependencies:
    d3-path "1"

d3-time-format@2, d3-time-format@^2.2.2:
  version "2.2.2"
  resolved "https://registry.yarnpkg.com/d3-time-format/-/d3-time-format-2.2.2.tgz#187597ffc6a0f37cb36bb7a1d7167cdc887ecda0"
  integrity sha512-pweL2Ri2wqMY+wlW/wpkl8T3CUzKAha8S9nmiQlMABab8r5MJN0PD1V4YyRNVaKQfeh4Z0+VO70TLw6ESVOYzw==
  dependencies:
    d3-time "1"

d3-time@1:
  version "1.1.0"
  resolved "https://registry.yarnpkg.com/d3-time/-/d3-time-1.1.0.tgz#b1e19d307dae9c900b7e5b25ffc5dcc249a8a0f1"
  integrity sha512-Xh0isrZ5rPYYdqhAVk8VLnMEidhz5aP7htAADH6MfzgmmicPkTo8LhkLxci61/lCB7n7UmE3bN0leRt+qvkLxA==

d3-timer@1:
  version "1.0.10"
  resolved "https://registry.yarnpkg.com/d3-timer/-/d3-timer-1.0.10.tgz#dfe76b8a91748831b13b6d9c793ffbd508dd9de5"
  integrity sha512-B1JDm0XDaQC+uvo4DT79H0XmBskgS3l6Ve+1SBCfxgmtIb1AVrPIoqd+nPSv+loMX8szQ0sVUhGngL7D5QPiXw==

d3-tip@^0.9.1:
  version "0.9.1"
  resolved "https://registry.yarnpkg.com/d3-tip/-/d3-tip-0.9.1.tgz#84e6d331c4e6650d80c5228a07e41820609ab64b"
  integrity sha512-EVBfG9d+HnjIoyVXfhpytWxlF59JaobwizqMX9EBXtsFmJytjwHeYiUs74ldHQjE7S9vzfKTx2LCtvUrIbuFYg==
  dependencies:
    d3-collection "^1.0.4"
    d3-selection "^1.3.0"

d3-transition@^1.3.2:
  version "1.3.2"
  resolved "https://registry.yarnpkg.com/d3-transition/-/d3-transition-1.3.2.tgz#a98ef2151be8d8600543434c1ca80140ae23b398"
  integrity sha512-sc0gRU4PFqZ47lPVHloMn9tlPcv8jxgOQg+0zjhfZXMQuvppjG6YuwdMBE0TuqCZjeJkLecku/l9R0JPcRhaDA==
  dependencies:
    d3-color "1"
    d3-dispatch "1"
    d3-ease "1"
    d3-interpolate "1"
    d3-selection "^1.1.0"
    d3-timer "1"

"data-visualisations@https://github.com/vulekamali/data-visualisations.git#reusable":
  version "1.0.0"
  resolved "https://github.com/vulekamali/data-visualisations.git#8c158381bbf0976e7396d00327b5310e17ce1147"
  dependencies:
    "@babel/polyfill" "^7.7.0"
    core-js "^3.4.1"
    d3-array "^1.2.4"
    d3-axis "^1.0.12"
    d3-ease "^1.0.6"
    d3-format "^1.4.2"
    d3-interpolate "^1.3.3"
    d3-scale "^2.2.2"
    d3-selection "^1.4.1"
    d3-shape "^1.3.7"
    d3-time-format "^2.2.2"
    d3-tip "^0.9.1"
    d3-transition "^1.3.2"

decode-uri-component@^0.2.0:
  version "0.2.0"
  resolved "https://registry.yarnpkg.com/decode-uri-component/-/decode-uri-component-0.2.0.tgz#eb3913333458775cb84cd1a1fae062106bb87545"
  integrity sha1-6zkTMzRYd1y4TNGh+uBiEGu4dUU=

inherits@^2.0.3:
  version "2.0.4"
  resolved "https://registry.yarnpkg.com/inherits/-/inherits-2.0.4.tgz#0fa2c64f932917c3433a0ded55363aae37416b7c"
  integrity sha512-k/vGaX4/Yla3WzyMCvTQOXYeIHvqOKtnqBduzTHpzpQZzAskKMhZ2K+EnBiSM9zGSoIFeMpXKxa4dYeZIQqewQ==

js@^0.1.0:
  version "0.1.0"
  resolved "https://registry.yarnpkg.com/js/-/js-0.1.0.tgz#e1d0afd55ea39c2b28da304e8143eaf2c133f366"
  integrity sha1-4dCv1V6jnCso2jBOgUPq8sEz82Y=
  dependencies:
    commander "~1.1.1"

keypress@0.1.x:
  version "0.1.0"
  resolved "https://registry.yarnpkg.com/keypress/-/keypress-0.1.0.tgz#4a3188d4291b66b4f65edb99f806aa9ae293592a"
  integrity sha1-SjGI1CkbZrT2XtuZ+AaqmuKTWSo=

main.js@0.0.1:
  version "0.0.1"
  resolved "https://registry.yarnpkg.com/main.js/-/main.js-0.0.1.tgz#072b47016a336d42e22d2fb8f6c4d5dc77f0b904"
  integrity sha1-BytHAWozbULiLS+49sTV3HfwuQQ=

main@^1000.0.1:
  version "1000.0.1"
  resolved "https://registry.yarnpkg.com/main/-/main-1000.0.1.tgz#a2098de0a82659e517b09fb9d2c57174e46db127"
  integrity sha512-zhB0yIsogMo0xGJEusCzS4I13ejvhEJ1MOWi1OR4n77HyhlqgvNNwhOOt5moSdTYd+Vi8B4wPE/MDmhquNHxrA==

regenerator-runtime@^0.13.2:
  version "0.13.3"
  resolved "https://registry.yarnpkg.com/regenerator-runtime/-/regenerator-runtime-0.13.3.tgz#7cf6a77d8f5c6f60eb73c5fc1955b2ceb01e6bf5"
  integrity sha512-naKIZz2GQ8JWh///G7L3X6LaQUAMp2lvb1rvwwsURe/VXwD6VMfr+/1NuNw3ag8v2kY1aQ/go5SNn79O9JU7yw==

resolve-url@^0.2.1:
  version "0.2.1"
  resolved "https://registry.yarnpkg.com/resolve-url/-/resolve-url-0.2.1.tgz#2c637fe77c893afd2a663fe21aa9080068e2052a"
  integrity sha1-LGN/53yJOv0qZj/iGqkIAGjiBSo=

source-map-resolve@^0.5.2:
  version "0.5.2"
  resolved "https://registry.yarnpkg.com/source-map-resolve/-/source-map-resolve-0.5.2.tgz#72e2cc34095543e43b2c62b2c4c10d4a9054f259"
  integrity sha512-MjqsvNwyz1s0k81Goz/9vRBe9SZdB09Bdw+/zYyO+3CuPk6fouTaxscHkgtE8jKvf01kVfl8riHzERQ/kefaSA==
  dependencies:
    atob "^2.1.1"
    decode-uri-component "^0.2.0"
    resolve-url "^0.2.1"
    source-map-url "^0.4.0"
    urix "^0.1.0"

source-map-url@^0.4.0:
  version "0.4.0"
  resolved "https://registry.yarnpkg.com/source-map-url/-/source-map-url-0.4.0.tgz#3e935d7ddd73631b97659956d55128e87b5084a3"
  integrity sha1-PpNdfd1zYxuXZZlW1VEo6HtQhKM=

source-map@^0.6.1:
  version "0.6.1"
  resolved "https://registry.yarnpkg.com/source-map/-/source-map-0.6.1.tgz#74722af32e9614e9c287a8d0bbde48b5e2f1a263"
  integrity sha512-UjgapumWlbMhkBgzT7Ykc5YXUT46F0iKu8SGXq0bcwP5dz/h0Plj6enJqjz1Zbq2l5WaqYnrVbwWOWMyF3F47g==

urix@^0.1.0:
  version "0.1.0"
  resolved "https://registry.yarnpkg.com/urix/-/urix-0.1.0.tgz#da937f7a62e21fec1fd18d49b35c2935067a6c72"
  integrity sha1-2pN/emLiH+wf0Y1Js1wpNQZ6bHI=
